
Microsoft Visual Studio Solution File, Format Version 11.00
# Visual Studio 2010
Project("{FAE04EC0-301F-11D3-BF4B-00C04F79EFBC}") = "Happy Hounds VR", "Assembly-CSharp.csproj", "{4D75E0EB-9398-8C00-F8AE-1CA751641EDB}"
EndProject
Project("{FAE04EC0-301F-11D3-BF4B-00C04F79EFBC}") = "Happy Hounds VR", "Assembly-CSharp-firstpass.csproj", "{F6F4A8F8-3F26-0403-CA98-6035548D5243}"
EndProject
Project("{FAE04EC0-301F-11D3-BF4B-00C04F79EFBC}") = "Happy Hounds VR", "Assembly-CSharp-Editor-firstpass.csproj", "{D6F24359-FD92-40C9-661E-4515D084E7B4}"
EndProject
Project("{FAE04EC0-301F-11D3-BF4B-00C04F79EFBC}") = "Happy Hounds VR", "Assembly-CSharp-Editor.csproj", "{254D2C58-CB20-EDD3-C530-4B34143D6161}"
EndProject
Global
	GlobalSection(SolutionConfigurationPlatforms) = preSolution
		Debug|Any CPU = Debug|Any CPU
		Release|Any CPU = Release|Any CPU
	EndGlobalSection
	GlobalSection(ProjectConfigurationPlatforms) = postSolution
		{4D75E0EB-9398-8C00-F8AE-1CA751641EDB}.Debug|Any CPU.ActiveCfg = Debug|Any CPU
		{4D75E0EB-9398-8C00-F8AE-1CA751641EDB}.Debug|Any CPU.Build.0 = Debug|Any CPU
		{4D75E0EB-9398-8C00-F8AE-1CA751641EDB}.Release|Any CPU.ActiveCfg = Release|Any CPU
		{4D75E0EB-9398-8C00-F8AE-1CA751641EDB}.Release|Any CPU.Build.0 = Release|Any CPU
		{F6F4A8F8-3F26-0403-CA98-6035548D5243}.Debug|Any CPU.ActiveCfg = Debug|Any CPU
		{F6F4A8F8-3F26-0403-CA98-6035548D5243}.Debug|Any CPU.Build.0 = Debug|Any CPU
		{F6F4A8F8-3F26-0403-CA98-6035548D5243}.Release|Any CPU.ActiveCfg = Release|Any CPU
		{F6F4A8F8-3F26-0403-CA98-6035548D5243}.Release|Any CPU.Build.0 = Release|Any CPU
		{D6F24359-FD92-40C9-661E-4515D084E7B4}.Debug|Any CPU.ActiveCfg = Debug|Any CPU
		{D6F24359-FD92-40C9-661E-4515D084E7B4}.Debug|Any CPU.Build.0 = Debug|Any CPU
		{D6F24359-FD92-40C9-661E-4515D084E7B4}.Release|Any CPU.ActiveCfg = Release|Any CPU
		{D6F24359-FD92-40C9-661E-4515D084E7B4}.Release|Any CPU.Build.0 = Release|Any CPU
		{254D2C58-CB20-EDD3-C530-4B34143D6161}.Debug|Any CPU.ActiveCfg = Debug|Any CPU
		{254D2C58-CB20-EDD3-C530-4B34143D6161}.Debug|Any CPU.Build.0 = Debug|Any CPU
		{254D2C58-CB20-EDD3-C530-4B34143D6161}.Release|Any CPU.ActiveCfg = Release|Any CPU
		{254D2C58-CB20-EDD3-C530-4B34143D6161}.Release|Any CPU.Build.0 = Release|Any CPU
	EndGlobalSection
	GlobalSection(SolutionProperties) = preSolution
		HideSolutionNode = FALSE
	EndGlobalSection
	GlobalSection(MonoDevelopProperties) = preSolution
		StartupItem = Assembly-CSharp.csproj
	EndGlobalSection
EndGlobal
